// !$*UTF8*$!
{
	archiveVersion = 1;
	classes = {
	};
	objectVersion = 56;
	objects = {

/* Begin PBXBuildFile section */
		20A8CE0E29F59EDC00E54498 /* AppDelegate.swift in Sources */ = {isa = PBXBuildFile; fileRef = 20A8CE0D29F59EDC00E54498 /* AppDelegate.swift */; };
		20A8CE1029F59EDC00E54498 /* SceneDelegate.swift in Sources */ = {isa = PBXBuildFile; fileRef = 20A8CE0F29F59EDC00E54498 /* SceneDelegate.swift */; };
		20A8CE1229F59EDC00E54498 /* ViewController.swift in Sources */ = {isa = PBXBuildFile; fileRef = 20A8CE1129F59EDC00E54498 /* ViewController.swift */; };
		20A8CE1529F59EDC00E54498 /* Main.storyboard in Resources */ = {isa = PBXBuildFile; fileRef = 20A8CE1329F59EDC00E54498 /* Main.storyboard */; };
		20A8CE1729F59EDD00E54498 /* Assets.xcassets in Resources */ = {isa = PBXBuildFile; fileRef = 20A8CE1629F59EDD00E54498 /* Assets.xcassets */; };
		20A8CE1A29F59EDD00E54498 /* LaunchScreen.storyboard in Resources */ = {isa = PBXBuildFile; fileRef = 20A8CE1829F59EDD00E54498 /* LaunchScreen.storyboard */; };
		20A8CE2529F59EDE00E54498 /* ImplementSearchCollectionViewTests.swift in Sources */ = {isa = PBXBuildFile; fileRef = 20A8CE2429F59EDE00E54498 /* ImplementSearchCollectionViewTests.swift */; };
		20A8CE2F29F59EDE00E54498 /* ImplementSearchCollectionViewUITests.swift in Sources */ = {isa = PBXBuildFile; fileRef = 20A8CE2E29F59EDE00E54498 /* ImplementSearchCollectionViewUITests.swift */; };
		20A8CE3129F59EDE00E54498 /* ImplementSearchCollectionViewUITestsLaunchTests.swift in Sources */ = {isa = PBXBuildFile; fileRef = 20A8CE3029F59EDE00E54498 /* ImplementSearchCollectionViewUITestsLaunchTests.swift */; };
		20A8CE3E29F5C03900E54498 /* MyCollectionViewCell.swift in Sources */ = {isa = PBXBuildFile; fileRef = 20A8CE3D29F5C03900E54498 /* MyCollectionViewCell.swift */; };
		20A8CE4029F5C3A200E54498 /* BirdsData.swift in Sources */ = {isa = PBXBuildFile; fileRef = 20A8CE3F29F5C3A200E54498 /* BirdsData.swift */; };
/* End PBXBuildFile section */

/* Begin PBXContainerItemProxy section */
		20A8CE2129F59EDE00E54498 /* PBXContainerItemProxy */ = {
			isa = PBXContainerItemProxy;
			containerPortal = 20A8CE0229F59EDC00E54498 /* Project object */;
			proxyType = 1;
			remoteGlobalIDString = 20A8CE0929F59EDC00E54498;
			remoteInfo = ImplementSearchCollectionView;
		};
		20A8CE2B29F59EDE00E54498 /* PBXContainerItemProxy */ = {
			isa = PBXContainerItemProxy;
			containerPortal = 20A8CE0229F59EDC00E54498 /* Project object */;
			proxyType = 1;
			remoteGlobalIDString = 20A8CE0929F59EDC00E54498;
			remoteInfo = ImplementSearchCollectionView;
		};
/* End PBXContainerItemProxy section */

/* Begin PBXFileReference section */
		20A8CE0A29F59EDC00E54498 /* ImplementSearchCollectionView.app */ = {isa = PBXFileReference; explicitFileType = wrapper.application; includeInIndex = 0; path = ImplementSearchCollectionView.app; sourceTree = BUILT_PRODUCTS_DIR; };
		20A8CE0D29F59EDC00E54498 /* AppDelegate.swift */ = {isa = PBXFileReference; lastKnownFileType = sourcecode.swift; path = AppDelegate.swift; sourceTree = "<group>"; };
		20A8CE0F29F59EDC00E54498 /* SceneDelegate.swift */ = {isa = PBXFileReference; lastKnownFileType = sourcecode.swift; path = SceneDelegate.swift; sourceTree = "<group>"; };
		20A8CE1129F59EDC00E54498 /* ViewController.swift */ = {isa = PBXFileReference; lastKnownFileType = sourcecode.swift; path = ViewController.swift; sourceTree = "<group>"; };
		20A8CE1429F59EDC00E54498 /* Base */ = {isa = PBXFileReference; lastKnownFileType = file.storyboard; name = Base; path = Base.lproj/Main.storyboard; sourceTree = "<group>"; };
		20A8CE1629F59EDD00E54498 /* Assets.xcassets */ = {isa = PBXFileReference; lastKnownFileType = folder.assetcatalog; path = Assets.xcassets; sourceTree = "<group>"; };
		20A8CE1929F59EDD00E54498 /* Base */ = {isa = PBXFileReference; lastKnownFileType = file.storyboard; name = Base; path = Base.lproj/LaunchScreen.storyboard; sourceTree = "<group>"; };
		20A8CE1B29F59EDD00E54498 /* Info.plist */ = {isa = PBXFileReference; lastKnownFileType = text.plist.xml; path = Info.plist; sourceTree = "<group>"; };
		20A8CE2029F59EDE00E54498 /* ImplementSearchCollectionViewTests.xctest */ = {isa = PBXFileReference; explicitFileType = wrapper.cfbundle; includeInIndex = 0; path = ImplementSearchCollectionViewTests.xctest; sourceTree = BUILT_PRODUCTS_DIR; };
		20A8CE2429F59EDE00E54498 /* ImplementSearchCollectionViewTests.swift */ = {isa = PBXFileReference; lastKnownFileType = sourcecode.swift; path = ImplementSearchCollectionViewTests.swift; sourceTree = "<group>"; };
		20A8CE2A29F59EDE00E54498 /* ImplementSearchCollectionViewUITests.xctest */ = {isa = PBXFileReference; explicitFileType = wrapper.cfbundle; includeInIndex = 0; path = ImplementSearchCollectionViewUITests.xctest; sourceTree = BUILT_PRODUCTS_DIR; };
		20A8CE2E29F59EDE00E54498 /* ImplementSearchCollectionViewUITests.swift */ = {isa = PBXFileReference; lastKnownFileType = sourcecode.swift; path = ImplementSearchCollectionViewUITests.swift; sourceTree = "<group>"; };
		20A8CE3029F59EDE00E54498 /* ImplementSearchCollectionViewUITestsLaunchTests.swift */ = {isa = PBXFileReference; lastKnownFileType = sourcecode.swift; path = ImplementSearchCollectionViewUITestsLaunchTests.swift; sourceTree = "<group>"; };
		20A8CE3D29F5C03900E54498 /* MyCollectionViewCell.swift */ = {isa = PBXFileReference; lastKnownFileType = sourcecode.swift; path = MyCollectionViewCell.swift; sourceTree = "<group>"; };
		20A8CE3F29F5C3A200E54498 /* BirdsData.swift */ = {isa = PBXFileReference; lastKnownFileType = sourcecode.swift; path = BirdsData.swift; sourceTree = "<group>"; };
/* End PBXFileReference section */

/* Begin PBXFrameworksBuildPhase section */
		20A8CE0729F59EDC00E54498 /* Frameworks */ = {
			isa = PBXFrameworksBuildPhase;
			buildActionMask = 2147483647;
			files = (
			);
			runOnlyForDeploymentPostprocessing = 0;
		};
		20A8CE1D29F59EDE00E54498 /* Frameworks */ = {
			isa = PBXFrameworksBuildPhase;
			buildActionMask = 2147483647;
			files = (
			);
			runOnlyForDeploymentPostprocessing = 0;
		};
		20A8CE2729F59EDE00E54498 /* Frameworks */ = {
			isa = PBXFrameworksBuildPhase;
			buildActionMask = 2147483647;
			files = (
			);
			runOnlyForDeploymentPostprocessing = 0;
		};
/* End PBXFrameworksBuildPhase section */

/* Begin PBXGroup section */
		20A8CE0129F59EDC00E54498 = {
			isa = PBXGroup;
			children = (
				20A8CE3D29F5C03900E54498 /* MyCollectionViewCell.swift */,
				20A8CE0C29F59EDC00E54498 /* ImplementSearchCollectionView */,
				20A8CE2329F59EDE00E54498 /* ImplementSearchCollectionViewTests */,
				20A8CE2D29F59EDE00E54498 /* ImplementSearchCollectionViewUITests */,
				20A8CE0B29F59EDC00E54498 /* Products */,
			);
			sourceTree = "<group>";
		};
		20A8CE0B29F59EDC00E54498 /* Products */ = {
			isa = PBXGroup;
			children = (
				20A8CE0A29F59EDC00E54498 /* ImplementSearchCollectionView.app */,
				20A8CE2029F59EDE00E54498 /* ImplementSearchCollectionViewTests.xctest */,
				20A8CE2A29F59EDE00E54498 /* ImplementSearchCollectionViewUITests.xctest */,
			);
			name = Products;
			sourceTree = "<group>";
		};
		20A8CE0C29F59EDC00E54498 /* ImplementSearchCollectionView */ = {
			isa = PBXGroup;
			children = (
				20A8CE0D29F59EDC00E54498 /* AppDelegate.swift */,
				20A8CE0F29F59EDC00E54498 /* SceneDelegate.swift */,
				20A8CE1129F59EDC00E54498 /* ViewController.swift */,
				20A8CE1329F59EDC00E54498 /* Main.storyboard */,
				20A8CE1629F59EDD00E54498 /* Assets.xcassets */,
				20A8CE1829F59EDD00E54498 /* LaunchScreen.storyboard */,
				20A8CE1B29F59EDD00E54498 /* Info.plist */,
				20A8CE3F29F5C3A200E54498 /* BirdsData.swift */,
			);
			path = ImplementSearchCollectionView;
			sourceTree = "<group>";
		};
		20A8CE2329F59EDE00E54498 /* ImplementSearchCollectionViewTests */ = {
			isa = PBXGroup;
			children = (
				20A8CE2429F59EDE00E54498 /* ImplementSearchCollectionViewTests.swift */,
			);
			path = ImplementSearchCollectionViewTests;
			sourceTree = "<group>";
		};
		20A8CE2D29F59EDE00E54498 /* ImplementSearchCollectionViewUITests */ = {
			isa = PBXGroup;
			children = (
				20A8CE2E29F59EDE00E54498 /* ImplementSearchCollectionViewUITests.swift */,
				20A8CE3029F59EDE00E54498 /* ImplementSearchCollectionViewUITestsLaunchTests.swift */,
			);
			path = ImplementSearchCollectionViewUITests;
			sourceTree = "<group>";
		};
/* End PBXGroup section */

/* Begin PBXNativeTarget section */
		20A8CE0929F59EDC00E54498 /* ImplementSearchCollectionView */ = {
			isa = PBXNativeTarget;
			buildConfigurationList = 20A8CE3429F59EDE00E54498 /* Build configuration list for PBXNativeTarget "ImplementSearchCollectionView" */;
			buildPhases = (
				20A8CE0629F59EDC00E54498 /* Sources */,
				20A8CE0729F59EDC00E54498 /* Frameworks */,
				20A8CE0829F59EDC00E54498 /* Resources */,
			);
			buildRules = (
			);
			dependencies = (
			);
			name = ImplementSearchCollectionView;
			productName = ImplementSearchCollectionView;
			productReference = 20A8CE0A29F59EDC00E54498 /* ImplementSearchCollectionView.app */;
			productType = "com.apple.product-type.application";
		};
		20A8CE1F29F59EDE00E54498 /* ImplementSearchCollectionViewTests */ = {
			isa = PBXNativeTarget;
			buildConfigurationList = 20A8CE3729F59EDE00E54498 /* Build configuration list for PBXNativeTarget "ImplementSearchCollectionViewTests" */;
			buildPhases = (
				20A8CE1C29F59EDE00E54498 /* Sources */,
				20A8CE1D29F59EDE00E54498 /* Frameworks */,
				20A8CE1E29F59EDE00E54498 /* Resources */,
			);
			buildRules = (
			);
			dependencies = (
				20A8CE2229F59EDE00E54498 /* PBXTargetDependency */,
			);
			name = ImplementSearchCollectionViewTests;
			productName = ImplementSearchCollectionViewTests;
			productReference = 20A8CE2029F59EDE00E54498 /* ImplementSearchCollectionViewTests.xctest */;
			productType = "com.apple.product-type.bundle.unit-test";
		};
		20A8CE2929F59EDE00E54498 /* ImplementSearchCollectionViewUITests */ = {
			isa = PBXNativeTarget;
			buildConfigurationList = 20A8CE3A29F59EDE00E54498 /* Build configuration list for PBXNativeTarget "ImplementSearchCollectionViewUITests" */;
			buildPhases = (
				20A8CE2629F59EDE00E54498 /* Sources */,
				20A8CE2729F59EDE00E54498 /* Frameworks */,
				20A8CE2829F59EDE00E54498 /* Resources */,
			);
			buildRules = (
			);
			dependencies = (
				20A8CE2C29F59EDE00E54498 /* PBXTargetDependency */,
			);
			name = ImplementSearchCollectionViewUITests;
			productName = ImplementSearchCollectionViewUITests;
			productReference = 20A8CE2A29F59EDE00E54498 /* ImplementSearchCollectionViewUITests.xctest */;
			productType = "com.apple.product-type.bundle.ui-testing";
		};
/* End PBXNativeTarget section */

/* Begin PBXProject section */
		20A8CE0229F59EDC00E54498 /* Project object */ = {
			isa = PBXProject;
			attributes = {
				BuildIndependentTargetsInParallel = 1;
				LastSwiftUpdateCheck = 1420;
				LastUpgradeCheck = 1420;
				TargetAttributes = {
					20A8CE0929F59EDC00E54498 = {
						CreatedOnToolsVersion = 14.2;
					};
					20A8CE1F29F59EDE00E54498 = {
						CreatedOnToolsVersion = 14.2;
						TestTargetID = 20A8CE0929F59EDC00E54498;
					};
					20A8CE2929F59EDE00E54498 = {
						CreatedOnToolsVersion = 14.2;
						TestTargetID = 20A8CE0929F59EDC00E54498;
					};
				};
			};
			buildConfigurationList = 20A8CE0529F59EDC00E54498 /* Build configuration list for PBXProject "ImplementSearchCollectionView" */;
			compatibilityVersion = "Xcode 14.0";
			developmentRegion = en;
			hasScannedForEncodings = 0;
			knownRegions = (
				en,
				Base,
			);
			mainGroup = 20A8CE0129F59EDC00E54498;
			productRefGroup = 20A8CE0B29F59EDC00E54498 /* Products */;
			projectDirPath = "";
			projectRoot = "";
			targets = (
				20A8CE0929F59EDC00E54498 /* ImplementSearchCollectionView */,
				20A8CE1F29F59EDE00E54498 /* ImplementSearchCollectionViewTests */,
				20A8CE2929F59EDE00E54498 /* ImplementSearchCollectionViewUITests */,
			);
		};
/* End PBXProject section */

/* Begin PBXResourcesBuildPhase section */
		20A8CE0829F59EDC00E54498 /* Resources */ = {
			isa = PBXResourcesBuildPhase;
			buildActionMask = 2147483647;
			files = (
				20A8CE1A29F59EDD00E54498 /* LaunchScreen.storyboard in Resources */,
				20A8CE1729F59EDD00E54498 /* Assets.xcassets in Resources */,
				20A8CE1529F59EDC00E54498 /* Main.storyboard in Resources */,
			);
			runOnlyForDeploymentPostprocessing = 0;
		};
		20A8CE1E29F59EDE00E54498 /* Resources */ = {
			isa = PBXResourcesBuildPhase;
			buildActionMask = 2147483647;
			files = (
			);
			runOnlyForDeploymentPostprocessing = 0;
		};
		20A8CE2829F59EDE00E54498 /* Resources */ = {
			isa = PBXResourcesBuildPhase;
			buildActionMask = 2147483647;
			files = (
			);
			runOnlyForDeploymentPostprocessing = 0;
		};
/* End PBXResourcesBuildPhase section */

/* Begin PBXSourcesBuildPhase section */
		20A8CE0629F59EDC00E54498 /* Sources */ = {
			isa = PBXSourcesBuildPhase;
			buildActionMask = 2147483647;
			files = (
				20A8CE1229F59EDC00E54498 /* ViewController.swift in Sources */,
				20A8CE4029F5C3A200E54498 /* BirdsData.swift in Sources */,
				20A8CE0E29F59EDC00E54498 /* AppDelegate.swift in Sources */,
				20A8CE3E29F5C03900E54498 /* MyCollectionViewCell.swift in Sources */,
				20A8CE1029F59EDC00E54498 /* SceneDelegate.swift in Sources */,
			);
			runOnlyForDeploymentPostprocessing = 0;
		};
		20A8CE1C29F59EDE00E54498 /* Sources */ = {
			isa = PBXSourcesBuildPhase;
			buildActionMask = 2147483647;
			files = (
				20A8CE2529F59EDE00E54498 /* ImplementSearchCollectionViewTests.swift in Sources */,
			);
			runOnlyForDeploymentPostprocessing = 0;
		};
		20A8CE2629F59EDE00E54498 /* Sources */ = {
			isa = PBXSourcesBuildPhase;
			buildActionMask = 2147483647;
			files = (
				20A8CE2F29F59EDE00E54498 /* ImplementSearchCollectionViewUITests.swift in Sources */,
				20A8CE3129F59EDE00E54498 /* ImplementSearchCollectionViewUITestsLaunchTests.swift in Sources */,
			);
			runOnlyForDeploymentPostprocessing = 0;
		};
/* End PBXSourcesBuildPhase section */

/* Begin PBXTargetDependency section */
		20A8CE2229F59EDE00E54498 /* PBXTargetDependency */ = {
			isa = PBXTargetDependency;
			target = 20A8CE0929F59EDC00E54498 /* ImplementSearchCollectionView */;
			targetProxy = 20A8CE2129F59EDE00E54498 /* PBXContainerItemProxy */;
		};
		20A8CE2C29F59EDE00E54498 /* PBXTargetDependency */ = {
			isa = PBXTargetDependency;
			target = 20A8CE0929F59EDC00E54498 /* ImplementSearchCollectionView */;
			targetProxy = 20A8CE2B29F59EDE00E54498 /* PBXContainerItemProxy */;
		};
/* End PBXTargetDependency section */

/* Begin PBXVariantGroup section */
		20A8CE1329F59EDC00E54498 /* Main.storyboard */ = {
			isa = PBXVariantGroup;
			children = (
				20A8CE1429F59EDC00E54498 /* Base */,
			);
			name = Main.storyboard;
			sourceTree = "<group>";
		};
		20A8CE1829F59EDD00E54498 /* LaunchScreen.storyboard */ = {
			isa = PBXVariantGroup;
			children = (
				20A8CE1929F59EDD00E54498 /* Base */,
			);
			name = LaunchScreen.storyboard;
			sourceTree = "<group>";
		};
/* End PBXVariantGroup section */

/* Begin XCBuildConfiguration section */
		20A8CE3229F59EDE00E54498 /* Debug */ = {
			isa = XCBuildConfiguration;
			buildSettings = {
				ALWAYS_SEARCH_USER_PATHS = NO;
				CLANG_ANALYZER_NONNULL = YES;
				CLANG_ANALYZER_NUMBER_OBJECT_CONVERSION = YES_AGGRESSIVE;
				CLANG_CXX_LANGUAGE_STANDARD = "gnu++20";
				CLANG_ENABLE_MODULES = YES;
				CLANG_ENABLE_OBJC_ARC = YES;
				CLANG_ENABLE_OBJC_WEAK = YES;
				CLANG_WARN_BLOCK_CAPTURE_AUTORELEASING = YES;
				CLANG_WARN_BOOL_CONVERSION = YES;
				CLANG_WARN_COMMA = YES;
				CLANG_WARN_CONSTANT_CONVERSION = YES;
				CLANG_WARN_DEPRECATED_OBJC_IMPLEMENTATIONS = YES;
				CLANG_WARN_DIRECT_OBJC_ISA_USAGE = YES_ERROR;
				CLANG_WARN_DOCUMENTATION_COMMENTS = YES;
				CLANG_WARN_EMPTY_BODY = YES;
				CLANG_WARN_ENUM_CONVERSION = YES;
				CLANG_WARN_INFINITE_RECURSION = YES;
				CLANG_WARN_INT_CONVERSION = YES;
				CLANG_WARN_NON_LITERAL_NULL_CONVERSION = YES;
				CLANG_WARN_OBJC_IMPLICIT_RETAIN_SELF = YES;
				CLANG_WARN_OBJC_LITERAL_CONVERSION = YES;
				CLANG_WARN_OBJC_ROOT_CLASS = YES_ERROR;
				CLANG_WARN_QUOTED_INCLUDE_IN_FRAMEWORK_HEADER = YES;
				CLANG_WARN_RANGE_LOOP_ANALYSIS = YES;
				CLANG_WARN_STRICT_PROTOTYPES = YES;
				CLANG_WARN_SUSPICIOUS_MOVE = YES;
				CLANG_WARN_UNGUARDED_AVAILABILITY = YES_AGGRESSIVE;
				CLANG_WARN_UNREACHABLE_CODE = YES;
				CLANG_WARN__DUPLICATE_METHOD_MATCH = YES;
				COPY_PHASE_STRIP = NO;
				DEBUG_INFORMATION_FORMAT = dwarf;
				ENABLE_STRICT_OBJC_MSGSEND = YES;
				ENABLE_TESTABILITY = YES;
				GCC_C_LANGUAGE_STANDARD = gnu11;
				GCC_DYNAMIC_NO_PIC = NO;
				GCC_NO_COMMON_BLOCKS = YES;
				GCC_OPTIMIZATION_LEVEL = 0;
				GCC_PREPROCESSOR_DEFINITIONS = (
					"DEBUG=1",
					"$(inherited)",
				);
				GCC_WARN_64_TO_32_BIT_CONVERSION = YES;
				GCC_WARN_ABOUT_RETURN_TYPE = YES_ERROR;
				GCC_WARN_UNDECLARED_SELECTOR = YES;
				GCC_WARN_UNINITIALIZED_AUTOS = YES_AGGRESSIVE;
				GCC_WARN_UNUSED_FUNCTION = YES;
				GCC_WARN_UNUSED_VARIABLE = YES;
				IPHONEOS_DEPLOYMENT_TARGET = 16.2;
				MTL_ENABLE_DEBUG_INFO = INCLUDE_SOURCE;
				MTL_FAST_MATH = YES;
				ONLY_ACTIVE_ARCH = YES;
				SDKROOT = iphoneos;
				SWIFT_ACTIVE_COMPILATION_CONDITIONS = DEBUG;
				SWIFT_OPTIMIZATION_LEVEL = "-Onone";
			};
			name = Debug;
		};
		20A8CE3329F59EDE00E54498 /* Release */ = {
			isa = XCBuildConfiguration;
			buildSettings = {
				ALWAYS_SEARCH_USER_PATHS = NO;
				CLANG_ANALYZER_NONNULL = YES;
				CLANG_ANALYZER_NUMBER_OBJECT_CONVERSION = YES_AGGRESSIVE;
				CLANG_CXX_LANGUAGE_STANDARD = "gnu++20";
				CLANG_ENABLE_MODULES = YES;
				CLANG_ENABLE_OBJC_ARC = YES;
				CLANG_ENABLE_OBJC_WEAK = YES;
				CLANG_WARN_BLOCK_CAPTURE_AUTORELEASING = YES;
				CLANG_WARN_BOOL_CONVERSION = YES;
				CLANG_WARN_COMMA = YES;
				CLANG_WARN_CONSTANT_CONVERSION = YES;
				CLANG_WARN_DEPRECATED_OBJC_IMPLEMENTATIONS = YES;
				CLANG_WARN_DIRECT_OBJC_ISA_USAGE = YES_ERROR;
				CLANG_WARN_DOCUMENTATION_COMMENTS = YES;
				CLANG_WARN_EMPTY_BODY = YES;
				CLANG_WARN_ENUM_CONVERSION = YES;
				CLANG_WARN_INFINITE_RECURSION = YES;
				CLANG_WARN_INT_CONVERSION = YES;
				CLANG_WARN_NON_LITERAL_NULL_CONVERSION = YES;
				CLANG_WARN_OBJC_IMPLICIT_RETAIN_SELF = YES;
				CLANG_WARN_OBJC_LITERAL_CONVERSION = YES;
				CLANG_WARN_OBJC_ROOT_CLASS = YES_ERROR;
				CLANG_WARN_QUOTED_INCLUDE_IN_FRAMEWORK_HEADER = YES;
				CLANG_WARN_RANGE_LOOP_ANALYSIS = YES;
				CLANG_WARN_STRICT_PROTOTYPES = YES;
				CLANG_WARN_SUSPICIOUS_MOVE = YES;
				CLANG_WARN_UNGUARDED_AVAILABILITY = YES_AGGRESSIVE;
				CLANG_WARN_UNREACHABLE_CODE = YES;
				CLANG_WARN__DUPLICATE_METHOD_MATCH = YES;
				COPY_PHASE_STRIP = NO;
				DEBUG_INFORMATION_FORMAT = "dwarf-with-dsym";
				ENABLE_NS_ASSERTIONS = NO;
				ENABLE_STRICT_OBJC_MSGSEND = YES;
				GCC_C_LANGUAGE_STANDARD = gnu11;
				GCC_NO_COMMON_BLOCKS = YES;
				GCC_WARN_64_TO_32_BIT_CONVERSION = YES;
				GCC_WARN_ABOUT_RETURN_TYPE = YES_ERROR;
				GCC_WARN_UNDECLARED_SELECTOR = YES;
				GCC_WARN_UNINITIALIZED_AUTOS = YES_AGGRESSIVE;
				GCC_WARN_UNUSED_FUNCTION = YES;
				GCC_WARN_UNUSED_VARIABLE = YES;
				IPHONEOS_DEPLOYMENT_TARGET = 16.2;
				MTL_ENABLE_DEBUG_INFO = NO;
				MTL_FAST_MATH = YES;
				SDKROOT = iphoneos;
				SWIFT_COMPILATION_MODE = wholemodule;
				SWIFT_OPTIMIZATION_LEVEL = "-O";
				VALIDATE_PRODUCT = YES;
			};
			name = Release;
		};
		20A8CE3529F59EDE00E54498 /* Debug */ = {
			isa = XCBuildConfiguration;
			buildSettings = {
				ASSETCATALOG_COMPILER_APPICON_NAME = AppIcon;
				ASSETCATALOG_COMPILER_GLOBAL_ACCENT_COLOR_NAME = AccentColor;
				CODE_SIGN_STYLE = Automatic;
				CURRENT_PROJECT_VERSION = 1;
				GENERATE_INFOPLIST_FILE = YES;
				INFOPLIST_FILE = ImplementSearchCollectionView/Info.plist;
				INFOPLIST_KEY_UIApplicationSupportsIndirectInputEvents = YES;
				INFOPLIST_KEY_UILaunchStoryboardName = LaunchScreen;
				INFOPLIST_KEY_UIMainStoryboardFile = Main;
				INFOPLIST_KEY_UISupportedInterfaceOrientations_iPad = "UIInterfaceOrientationPortrait UIInterfaceOrientationPortraitUpsideDown UIInterfaceOrientationLandscapeLeft UIInterfaceOrientationLandscapeRight";
				INFOPLIST_KEY_UISupportedInterfaceOrientations_iPhone = "UIInterfaceOrientationPortrait UIInterfaceOrientationLandscapeLeft UIInterfaceOrientationLandscapeRight";
				LD_RUNPATH_SEARCH_PATHS = (
					"$(inherited)",
					"@executable_path/Frameworks",
				);
				MARKETING_VERSION = 1.0;
				PRODUCT_BUNDLE_IDENTIFIER = "-CENCIA-MAP.ImplementSearchCollectionView";
				PRODUCT_NAME = "$(TARGET_NAME)";
				SWIFT_EMIT_LOC_STRINGS = YES;
				SWIFT_VERSION = 5.0;
				TARGETED_DEVICE_FAMILY = "1,2";
			};
			name = Debug;
		};
		20A8CE3629F59EDE00E54498 /* Release */ = {
			isa = XCBuildConfiguration;
			buildSettings = {
				ASSETCATALOG_COMPILER_APPICON_NAME = AppIcon;
				ASSETCATALOG_COMPILER_GLOBAL_ACCENT_COLOR_NAME = AccentColor;
				CODE_SIGN_STYLE = Automatic;
				CURRENT_PROJECT_VERSION = 1;
				GENERATE_INFOPLIST_FILE = YES;
				INFOPLIST_FILE = ImplementSearchCollectionView/Info.plist;
				INFOPLIST_KEY_UIApplicationSupportsIndirectInputEvents = YES;
				INFOPLIST_KEY_UILaunchStoryboardName = LaunchScreen;
				INFOPLIST_KEY_UIMainStoryboardFile = Main;
				INFOPLIST_KEY_UISupportedInterfaceOrientations_iPad = "UIInterfaceOrientationPortrait UIInterfaceOrientationPortraitUpsideDown UIInterfaceOrientationLandscapeLeft UIInterfaceOrientationLandscapeRight";
				INFOPLIST_KEY_UISupportedInterfaceOrientations_iPhone = "UIInterfaceOrientationPortrait UIInterfaceOrientationLandscapeLeft UIInterfaceOrientationLandscapeRight";
				LD_RUNPATH_SEARCH_PATHS = (
					"$(inherited)",
					"@executable_path/Frameworks",
				);
				MARKETING_VERSION = 1.0;
				PRODUCT_BUNDLE_IDENTIFIER = "-CENCIA-MAP.ImplementSearchCollectionView";
				PRODUCT_NAME = "$(TARGET_NAME)";
				SWIFT_EMIT_LOC_STRINGS = YES;
				SWIFT_VERSION = 5.0;
				TARGETED_DEVICE_FAMILY = "1,2";
			};
			name = Release;
		};
		20A8CE3829F59EDE00E54498 /* Debug */ = {
			isa = XCBuildConfiguration;
			buildSettings = {
				ALWAYS_EMBED_SWIFT_STANDARD_LIBRARIES = YES;
				BUNDLE_LOADER = "$(TEST_HOST)";
				CODE_SIGN_STYLE = Automatic;
				CURRENT_PROJECT_VERSION = 1;
				GENERATE_INFOPLIST_FILE = YES;
				IPHONEOS_DEPLOYMENT_TARGET = 16.2;
				MARKETING_VERSION = 1.0;
				PRODUCT_BUNDLE_IDENTIFIER = "-CENCIA-MAP.ImplementSearchCollectionViewTests";
				PRODUCT_NAME = "$(TARGET_NAME)";
				SWIFT_EMIT_LOC_STRINGS = NO;
				SWIFT_VERSION = 5.0;
				TARGETED_DEVICE_FAMILY = "1,2";
				TEST_HOST = "$(BUILT_PRODUCTS_DIR)/ImplementSearchCollectionView.app/$(BUNDLE_EXECUTABLE_FOLDER_PATH)/ImplementSearchCollectionView";
			};
			name = Debug;
		};
		20A8CE3929F59EDE00E54498 /* Release */ = {
			isa = XCBuildConfiguration;
			buildSettings = {
				ALWAYS_EMBED_SWIFT_STANDARD_LIBRARIES = YES;
				BUNDLE_LOADER = "$(TEST_HOST)";
				CODE_SIGN_STYLE = Automatic;
				CURRENT_PROJECT_VERSION = 1;
				GENERATE_INFOPLIST_FILE = YES;
				IPHONEOS_DEPLOYMENT_TARGET = 16.2;
				MARKETING_VERSION = 1.0;
				PRODUCT_BUNDLE_IDENTIFIER = "-CENCIA-MAP.ImplementSearchCollectionViewTests";
				PRODUCT_NAME = "$(TARGET_NAME)";
				SWIFT_EMIT_LOC_STRINGS = NO;
				SWIFT_VERSION = 5.0;
				TARGETED_DEVICE_FAMILY = "1,2";
				TEST_HOST = "$(BUILT_PRODUCTS_DIR)/ImplementSearchCollectionView.app/$(BUNDLE_EXECUTABLE_FOLDER_PATH)/ImplementSearchCollectionView";
			};
			name = Release;
		};
		20A8CE3B29F59EDE00E54498 /* Debug */ = {
			isa = XCBuildConfiguration;
			buildSettings = {
				ALWAYS_EMBED_SWIFT_STANDARD_LIBRARIES = YES;
				CODE_SIGN_STYLE = Automatic;
				CURRENT_PROJECT_VERSION = 1;
				GENERATE_INFOPLIST_FILE = YES;
				MARKETING_VERSION = 1.0;
				PRODUCT_BUNDLE_IDENTIFIER = "-CENCIA-MAP.ImplementSearchCollectionViewUITests";
				PRODUCT_NAME = "$(TARGET_NAME)";
				SWIFT_EMIT_LOC_STRINGS = NO;
				SWIFT_VERSION = 5.0;
				TARGETED_DEVICE_FAMILY = "1,2";
				TEST_TARGET_NAME = ImplementSearchCollectionView;
			};
			name = Debug;
		};
		20A8CE3C29F59EDE00E54498 /* Release */ = {
			isa = XCBuildConfiguration;
			buildSettings = {
				ALWAYS_EMBED_SWIFT_STANDARD_LIBRARIES = YES;
				CODE_SIGN_STYLE = Automatic;
				CURRENT_PROJECT_VERSION = 1;
				GENERATE_INFOPLIST_FILE = YES;
				MARKETING_VERSION = 1.0;
				PRODUCT_BUNDLE_IDENTIFIER = "-CENCIA-MAP.ImplementSearchCollectionViewUITests";
				PRODUCT_NAME = "$(TARGET_NAME)";
				SWIFT_EMIT_LOC_STRINGS = NO;
				SWIFT_VERSION = 5.0;
				TARGETED_DEVICE_FAMILY = "1,2";
				TEST_TARGET_NAME = ImplementSearchCollectionView;
			};
			name = Release;
		};
/* End XCBuildConfiguration section */

/* Begin XCConfigurationList section */
		20A8CE0529F59EDC00E54498 /* Build configuration list for PBXProject "ImplementSearchCollectionView" */ = {
			isa = XCConfigurationList;
			buildConfigurations = (
				20A8CE3229F59EDE00E54498 /* Debug */,
				20A8CE3329F59EDE00E54498 /* Release */,
			);
			defaultConfigurationIsVisible = 0;
			defaultConfigurationName = Release;
		};
		20A8CE3429F59EDE00E54498 /* Build configuration list for PBXNativeTarget "ImplementSearchCollectionView" */ = {
			isa = XCConfigurationList;
			buildConfigurations = (
				20A8CE3529F59EDE00E54498 /* Debug */,
				20A8CE3629F59EDE00E54498 /* Release */,
			);
			defaultConfigurationIsVisible = 0;
			defaultConfigurationName = Release;
		};
		20A8CE3729F59EDE00E54498 /* Build configuration list for PBXNativeTarget "ImplementSearchCollectionViewTests" */ = {
			isa = XCConfigurationList;
			buildConfigurations = (
				20A8CE3829F59EDE00E54498 /* Debug */,
				20A8CE3929F59EDE00E54498 /* Release */,
			);
			defaultConfigurationIsVisible = 0;
			defaultConfigurationName = Release;
		};
		20A8CE3A29F59EDE00E54498 /* Build configuration list for PBXNativeTarget "ImplementSearchCollectionViewUITests" */ = {
			isa = XCConfigurationList;
			buildConfigurations = (
				20A8CE3B29F59EDE00E54498 /* Debug */,
				20A8CE3C29F59EDE00E54498 /* Release */,
			);
			defaultConfigurationIsVisible = 0;
			defaultConfigurationName = Release;
		};
/* End XCConfigurationList section */
	};
	rootObject = 20A8CE0229F59EDC00E54498 /* Project object */;
}
